
Microsoft Visual Studio Solution File, Format Version 12.00
# Visual Studio 14
VisualStudioVersion = 14.0.25420.1
MinimumVisualStudioVersion = 10.0.40219.1
Project("{FAE04EC0-301F-11D3-BF4B-00C04F79EFBC}") = "Raumschach Chess", "Raumschach Chess\Raumschach Chess.csproj", "{E8D2EB21-3DBC-472F-90B3-87F1BE7EA3A7}"
EndProject
Project("{8BC9CEB8-8B4A-11D0-8D11-00A0C91BC942}") = "RaumschachChessEngine", "RaumschachChessEngine\RaumschachChessEngine.vcxproj", "{FAC30437-A214-40F8-93C4-3C37440ED596}"
EndProject
Project("{FAE04EC0-301F-11D3-BF4B-00C04F79EFBC}") = "MyDLLDebugger", "MyDLLDebugger\MyDLLDebugger.csproj", "{30B5B8A1-5BEA-4754-BB3A-CAF9E8D29F46}"
EndProject
Project("{FAE04EC0-301F-11D3-BF4B-00C04F79EFBC}") = "TrianglePickingPipeline", "TrianglePickingPipeline\TrianglePickingPipeline.csproj", "{35D4955B-8D3A-492A-B76B-2306A50C44F8}"
EndProject
Project("{8BC9CEB8-8B4A-11D0-8D11-00A0C91BC942}") = "GenericCDebugging", "Raumschach Chess\GenericCDebugging\GenericCDebugging.vcxproj", "{CCECBE1C-5C87-4530-AE5C-5CA4AD79F74E}"
EndProject
Project("{FAE04EC0-301F-11D3-BF4B-00C04F79EFBC}") = "Raumschach ChessContent", "Raumschach Chess\Content\Raumschach ChessContent.contentproj", "{577B2B7C-5CF9-4DA2-9BDF-E38FB8E3A777}"
EndProject
Project("{FAE04EC0-301F-11D3-BF4B-00C04F79EFBC}") = "xWinFormsLib", "xWinFormsLib\xWinFormsLib.csproj", "{32868301-A135-4BB5-AA3A-44A5DE60C081}"
EndProject
Project("{FAE04EC0-301F-11D3-BF4B-00C04F79EFBC}") = "Lidgren.Network", "Lidgren.Network\Lidgren.Network.csproj", "{BA202214-F6F8-4853-BCC9-CA4F13C5F479}"
EndProject
Global
	GlobalSection(SolutionConfigurationPlatforms) = preSolution
		Debug|Any CPU = Debug|Any CPU
		Debug|Mixed Platforms = Debug|Mixed Platforms
		Debug|Win32 = Debug|Win32
		Debug|x86 = Debug|x86
		Debug|Xbox 360 = Debug|Xbox 360
		Release|Any CPU = Release|Any CPU
		Release|Mixed Platforms = Release|Mixed Platforms
		Release|Win32 = Release|Win32
		Release|x86 = Release|x86
		Release|Xbox 360 = Release|Xbox 360
		ReleaseWithStatistics|Any CPU = ReleaseWithStatistics|Any CPU
		ReleaseWithStatistics|Mixed Platforms = ReleaseWithStatistics|Mixed Platforms
		ReleaseWithStatistics|Win32 = ReleaseWithStatistics|Win32
		ReleaseWithStatistics|x86 = ReleaseWithStatistics|x86
		ReleaseWithStatistics|Xbox 360 = ReleaseWithStatistics|Xbox 360
	EndGlobalSection
	GlobalSection(ProjectConfigurationPlatforms) = postSolution
		{E8D2EB21-3DBC-472F-90B3-87F1BE7EA3A7}.Debug|Any CPU.ActiveCfg = Debug|x86
		{E8D2EB21-3DBC-472F-90B3-87F1BE7EA3A7}.Debug|Any CPU.Build.0 = Debug|x86
		{E8D2EB21-3DBC-472F-90B3-87F1BE7EA3A7}.Debug|Mixed Platforms.ActiveCfg = Debug|x86
		{E8D2EB21-3DBC-472F-90B3-87F1BE7EA3A7}.Debug|Mixed Platforms.Build.0 = Debug|x86
		{E8D2EB21-3DBC-472F-90B3-87F1BE7EA3A7}.Debug|Win32.ActiveCfg = Debug|x86
		{E8D2EB21-3DBC-472F-90B3-87F1BE7EA3A7}.Debug|x86.ActiveCfg = Debug|x86
		{E8D2EB21-3DBC-472F-90B3-87F1BE7EA3A7}.Debug|x86.Build.0 = Debug|x86
		{E8D2EB21-3DBC-472F-90B3-87F1BE7EA3A7}.Debug|Xbox 360.ActiveCfg = Debug|x86
		{E8D2EB21-3DBC-472F-90B3-87F1BE7EA3A7}.Release|Any CPU.ActiveCfg = Release|x86
		{E8D2EB21-3DBC-472F-90B3-87F1BE7EA3A7}.Release|Mixed Platforms.ActiveCfg = Release|x86
		{E8D2EB21-3DBC-472F-90B3-87F1BE7EA3A7}.Release|Mixed Platforms.Build.0 = Release|x86
		{E8D2EB21-3DBC-472F-90B3-87F1BE7EA3A7}.Release|Win32.ActiveCfg = Release|x86
		{E8D2EB21-3DBC-472F-90B3-87F1BE7EA3A7}.Release|x86.ActiveCfg = Release|x86
		{E8D2EB21-3DBC-472F-90B3-87F1BE7EA3A7}.Release|x86.Build.0 = Release|x86
		{E8D2EB21-3DBC-472F-90B3-87F1BE7EA3A7}.Release|Xbox 360.ActiveCfg = Release|x86
		{E8D2EB21-3DBC-472F-90B3-87F1BE7EA3A7}.ReleaseWithStatistics|Any CPU.ActiveCfg = Release|x86
		{E8D2EB21-3DBC-472F-90B3-87F1BE7EA3A7}.ReleaseWithStatistics|Any CPU.Build.0 = Release|x86
		{E8D2EB21-3DBC-472F-90B3-87F1BE7EA3A7}.ReleaseWithStatistics|Mixed Platforms.ActiveCfg = Release|x86
		{E8D2EB21-3DBC-472F-90B3-87F1BE7EA3A7}.ReleaseWithStatistics|Mixed Platforms.Build.0 = Release|x86
		{E8D2EB21-3DBC-472F-90B3-87F1BE7EA3A7}.ReleaseWithStatistics|Win32.ActiveCfg = Release|x86
		{E8D2EB21-3DBC-472F-90B3-87F1BE7EA3A7}.ReleaseWithStatistics|Win32.Build.0 = Release|x86
		{E8D2EB21-3DBC-472F-90B3-87F1BE7EA3A7}.ReleaseWithStatistics|x86.ActiveCfg = Release|x86
		{E8D2EB21-3DBC-472F-90B3-87F1BE7EA3A7}.ReleaseWithStatistics|x86.Build.0 = Release|x86
		{E8D2EB21-3DBC-472F-90B3-87F1BE7EA3A7}.ReleaseWithStatistics|Xbox 360.ActiveCfg = Release|x86
		{E8D2EB21-3DBC-472F-90B3-87F1BE7EA3A7}.ReleaseWithStatistics|Xbox 360.Build.0 = Release|x86
		{FAC30437-A214-40F8-93C4-3C37440ED596}.Debug|Any CPU.ActiveCfg = Debug|Win32
		{FAC30437-A214-40F8-93C4-3C37440ED596}.Debug|Any CPU.Build.0 = Debug|Win32
		{FAC30437-A214-40F8-93C4-3C37440ED596}.Debug|Mixed Platforms.ActiveCfg = Debug|Win32
		{FAC30437-A214-40F8-93C4-3C37440ED596}.Debug|Mixed Platforms.Build.0 = Debug|Win32
		{FAC30437-A214-40F8-93C4-3C37440ED596}.Debug|Win32.ActiveCfg = Debug|Win32
		{FAC30437-A214-40F8-93C4-3C37440ED596}.Debug|Win32.Build.0 = Debug|Win32
		{FAC30437-A214-40F8-93C4-3C37440ED596}.Debug|x86.ActiveCfg = Debug|Win32
		{FAC30437-A214-40F8-93C4-3C37440ED596}.Debug|x86.Build.0 = Debug|Win32
		{FAC30437-A214-40F8-93C4-3C37440ED596}.Debug|Xbox 360.ActiveCfg = Debug|Win32
		{FAC30437-A214-40F8-93C4-3C37440ED596}.Release|Any CPU.ActiveCfg = Release|Win32
		{FAC30437-A214-40F8-93C4-3C37440ED596}.Release|Mixed Platforms.ActiveCfg = Release|Win32
		{FAC30437-A214-40F8-93C4-3C37440ED596}.Release|Mixed Platforms.Build.0 = Release|Win32
		{FAC30437-A214-40F8-93C4-3C37440ED596}.Release|Win32.ActiveCfg = Release|Win32
		{FAC30437-A214-40F8-93C4-3C37440ED596}.Release|Win32.Build.0 = Release|Win32
		{FAC30437-A214-40F8-93C4-3C37440ED596}.Release|x86.ActiveCfg = Release|Win32
		{FAC30437-A214-40F8-93C4-3C37440ED596}.Release|Xbox 360.ActiveCfg = Release|Win32
		{FAC30437-A214-40F8-93C4-3C37440ED596}.ReleaseWithStatistics|Any CPU.ActiveCfg = Release|Win32
		{FAC30437-A214-40F8-93C4-3C37440ED596}.ReleaseWithStatistics|Any CPU.Build.0 = Release|Win32
		{FAC30437-A214-40F8-93C4-3C37440ED596}.ReleaseWithStatistics|Mixed Platforms.ActiveCfg = Release|Win32
		{FAC30437-A214-40F8-93C4-3C37440ED596}.ReleaseWithStatistics|Mixed Platforms.Build.0 = Release|Win32
		{FAC30437-A214-40F8-93C4-3C37440ED596}.ReleaseWithStatistics|Win32.ActiveCfg = Release|Win32
		{FAC30437-A214-40F8-93C4-3C37440ED596}.ReleaseWithStatistics|Win32.Build.0 = Release|Win32
		{FAC30437-A214-40F8-93C4-3C37440ED596}.ReleaseWithStatistics|x86.ActiveCfg = Release|Win32
		{FAC30437-A214-40F8-93C4-3C37440ED596}.ReleaseWithStatistics|x86.Build.0 = Release|Win32
		{FAC30437-A214-40F8-93C4-3C37440ED596}.ReleaseWithStatistics|Xbox 360.ActiveCfg = Release|Win32
		{FAC30437-A214-40F8-93C4-3C37440ED596}.ReleaseWithStatistics|Xbox 360.Build.0 = Release|Win32
		{30B5B8A1-5BEA-4754-BB3A-CAF9E8D29F46}.Debug|Any CPU.ActiveCfg = Debug|Any CPU
		{30B5B8A1-5BEA-4754-BB3A-CAF9E8D29F46}.Debug|Any CPU.Build.0 = Debug|Any CPU
		{30B5B8A1-5BEA-4754-BB3A-CAF9E8D29F46}.Debug|Mixed Platforms.ActiveCfg = Debug|Any CPU
		{30B5B8A1-5BEA-4754-BB3A-CAF9E8D29F46}.Debug|Mixed Platforms.Build.0 = Debug|Any CPU
		{30B5B8A1-5BEA-4754-BB3A-CAF9E8D29F46}.Debug|Win32.ActiveCfg = Debug|Any CPU
		{30B5B8A1-5BEA-4754-BB3A-CAF9E8D29F46}.Debug|x86.ActiveCfg = Debug|Any CPU
		{30B5B8A1-5BEA-4754-BB3A-CAF9E8D29F46}.Debug|x86.Build.0 = Debug|Any CPU
		{30B5B8A1-5BEA-4754-BB3A-CAF9E8D29F46}.Debug|Xbox 360.ActiveCfg = Debug|Any CPU
		{30B5B8A1-5BEA-4754-BB3A-CAF9E8D29F46}.Release|Any CPU.ActiveCfg = Release|Any CPU
		{30B5B8A1-5BEA-4754-BB3A-CAF9E8D29F46}.Release|Any CPU.Build.0 = Release|Any CPU
		{30B5B8A1-5BEA-4754-BB3A-CAF9E8D29F46}.Release|Mixed Platforms.ActiveCfg = Release|Any CPU
		{30B5B8A1-5BEA-4754-BB3A-CAF9E8D29F46}.Release|Mixed Platforms.Build.0 = Release|Any CPU
		{30B5B8A1-5BEA-4754-BB3A-CAF9E8D29F46}.Release|Win32.ActiveCfg = Release|Any CPU
		{30B5B8A1-5BEA-4754-BB3A-CAF9E8D29F46}.Release|x86.ActiveCfg = Release|Any CPU
		{30B5B8A1-5BEA-4754-BB3A-CAF9E8D29F46}.Release|Xbox 360.ActiveCfg = Release|Any CPU
		{30B5B8A1-5BEA-4754-BB3A-CAF9E8D29F46}.ReleaseWithStatistics|Any CPU.ActiveCfg = Release|Any CPU
		{30B5B8A1-5BEA-4754-BB3A-CAF9E8D29F46}.ReleaseWithStatistics|Any CPU.Build.0 = Release|Any CPU
		{30B5B8A1-5BEA-4754-BB3A-CAF9E8D29F46}.ReleaseWithStatistics|Mixed Platforms.ActiveCfg = Release|Any CPU
		{30B5B8A1-5BEA-4754-BB3A-CAF9E8D29F46}.ReleaseWithStatistics|Mixed Platforms.Build.0 = Release|Any CPU
		{30B5B8A1-5BEA-4754-BB3A-CAF9E8D29F46}.ReleaseWithStatistics|Win32.ActiveCfg = Release|Any CPU
		{30B5B8A1-5BEA-4754-BB3A-CAF9E8D29F46}.ReleaseWithStatistics|Win32.Build.0 = Release|Any CPU
		{30B5B8A1-5BEA-4754-BB3A-CAF9E8D29F46}.ReleaseWithStatistics|x86.ActiveCfg = Release|Any CPU
		{30B5B8A1-5BEA-4754-BB3A-CAF9E8D29F46}.ReleaseWithStatistics|x86.Build.0 = Release|Any CPU
		{30B5B8A1-5BEA-4754-BB3A-CAF9E8D29F46}.ReleaseWithStatistics|Xbox 360.ActiveCfg = Release|Any CPU
		{30B5B8A1-5BEA-4754-BB3A-CAF9E8D29F46}.ReleaseWithStatistics|Xbox 360.Build.0 = Release|Any CPU
		{35D4955B-8D3A-492A-B76B-2306A50C44F8}.Debug|Any CPU.ActiveCfg = Debug|Xbox 360
		{35D4955B-8D3A-492A-B76B-2306A50C44F8}.Debug|Any CPU.Build.0 = Debug|Xbox 360
		{35D4955B-8D3A-492A-B76B-2306A50C44F8}.Debug|Mixed Platforms.ActiveCfg = Debug|Xbox 360
		{35D4955B-8D3A-492A-B76B-2306A50C44F8}.Debug|Mixed Platforms.Build.0 = Debug|Xbox 360
		{35D4955B-8D3A-492A-B76B-2306A50C44F8}.Debug|Win32.ActiveCfg = Debug|Xbox 360
		{35D4955B-8D3A-492A-B76B-2306A50C44F8}.Debug|Win32.Build.0 = Debug|Xbox 360
		{35D4955B-8D3A-492A-B76B-2306A50C44F8}.Debug|x86.ActiveCfg = Debug|x86
		{35D4955B-8D3A-492A-B76B-2306A50C44F8}.Debug|x86.Build.0 = Debug|x86
		{35D4955B-8D3A-492A-B76B-2306A50C44F8}.Debug|Xbox 360.ActiveCfg = Debug|Xbox 360
		{35D4955B-8D3A-492A-B76B-2306A50C44F8}.Debug|Xbox 360.Build.0 = Debug|Xbox 360
		{35D4955B-8D3A-492A-B76B-2306A50C44F8}.Release|Any CPU.ActiveCfg = Release|Xbox 360
		{35D4955B-8D3A-492A-B76B-2306A50C44F8}.Release|Any CPU.Build.0 = Release|Xbox 360
		{35D4955B-8D3A-492A-B76B-2306A50C44F8}.Release|Mixed Platforms.ActiveCfg = Release|Xbox 360
		{35D4955B-8D3A-492A-B76B-2306A50C44F8}.Release|Mixed Platforms.Build.0 = Release|Xbox 360
		{35D4955B-8D3A-492A-B76B-2306A50C44F8}.Release|Win32.ActiveCfg = Release|Xbox 360
		{35D4955B-8D3A-492A-B76B-2306A50C44F8}.Release|Win32.Build.0 = Release|Xbox 360
		{35D4955B-8D3A-492A-B76B-2306A50C44F8}.Release|x86.ActiveCfg = Release|x86
		{35D4955B-8D3A-492A-B76B-2306A50C44F8}.Release|x86.Build.0 = Release|x86
		{35D4955B-8D3A-492A-B76B-2306A50C44F8}.Release|Xbox 360.ActiveCfg = Release|Xbox 360
		{35D4955B-8D3A-492A-B76B-2306A50C44F8}.Release|Xbox 360.Build.0 = Release|Xbox 360
		{35D4955B-8D3A-492A-B76B-2306A50C44F8}.ReleaseWithStatistics|Any CPU.ActiveCfg = Release|x86
		{35D4955B-8D3A-492A-B76B-2306A50C44F8}.ReleaseWithStatistics|Any CPU.Build.0 = Release|x86
		{35D4955B-8D3A-492A-B76B-2306A50C44F8}.ReleaseWithStatistics|Mixed Platforms.ActiveCfg = Release|x86
		{35D4955B-8D3A-492A-B76B-2306A50C44F8}.ReleaseWithStatistics|Mixed Platforms.Build.0 = Release|x86
		{35D4955B-8D3A-492A-B76B-2306A50C44F8}.ReleaseWithStatistics|Win32.ActiveCfg = Release|x86
		{35D4955B-8D3A-492A-B76B-2306A50C44F8}.ReleaseWithStatistics|Win32.Build.0 = Release|x86
		{35D4955B-8D3A-492A-B76B-2306A50C44F8}.ReleaseWithStatistics|x86.ActiveCfg = Release|x86
		{35D4955B-8D3A-492A-B76B-2306A50C44F8}.ReleaseWithStatistics|x86.Build.0 = Release|x86
		{35D4955B-8D3A-492A-B76B-2306A50C44F8}.ReleaseWithStatistics|Xbox 360.ActiveCfg = Release|Xbox 360
		{35D4955B-8D3A-492A-B76B-2306A50C44F8}.ReleaseWithStatistics|Xbox 360.Build.0 = Release|Xbox 360
		{CCECBE1C-5C87-4530-AE5C-5CA4AD79F74E}.Debug|Any CPU.ActiveCfg = Debug|Win32
		{CCECBE1C-5C87-4530-AE5C-5CA4AD79F74E}.Debug|Mixed Platforms.ActiveCfg = Debug|Win32
		{CCECBE1C-5C87-4530-AE5C-5CA4AD79F74E}.Debug|Mixed Platforms.Build.0 = Debug|Win32
		{CCECBE1C-5C87-4530-AE5C-5CA4AD79F74E}.Debug|Win32.ActiveCfg = Debug|Win32
		{CCECBE1C-5C87-4530-AE5C-5CA4AD79F74E}.Debug|Win32.Build.0 = Debug|Win32
		{CCECBE1C-5C87-4530-AE5C-5CA4AD79F74E}.Debug|x86.ActiveCfg = Debug|Win32
		{CCECBE1C-5C87-4530-AE5C-5CA4AD79F74E}.Debug|x86.Build.0 = Debug|Win32
		{CCECBE1C-5C87-4530-AE5C-5CA4AD79F74E}.Debug|Xbox 360.ActiveCfg = Debug|Win32
		{CCECBE1C-5C87-4530-AE5C-5CA4AD79F74E}.Release|Any CPU.ActiveCfg = Release|Win32
		{CCECBE1C-5C87-4530-AE5C-5CA4AD79F74E}.Release|Mixed Platforms.ActiveCfg = Release|Win32
		{CCECBE1C-5C87-4530-AE5C-5CA4AD79F74E}.Release|Mixed Platforms.Build.0 = Release|Win32
		{CCECBE1C-5C87-4530-AE5C-5CA4AD79F74E}.Release|Win32.ActiveCfg = Release|Win32
		{CCECBE1C-5C87-4530-AE5C-5CA4AD79F74E}.Release|Win32.Build.0 = Release|Win32
		{CCECBE1C-5C87-4530-AE5C-5CA4AD79F74E}.Release|x86.ActiveCfg = Release|Win32
		{CCECBE1C-5C87-4530-AE5C-5CA4AD79F74E}.Release|Xbox 360.ActiveCfg = Release|Win32
		{CCECBE1C-5C87-4530-AE5C-5CA4AD79F74E}.ReleaseWithStatistics|Any CPU.ActiveCfg = Release|Win32
		{CCECBE1C-5C87-4530-AE5C-5CA4AD79F74E}.ReleaseWithStatistics|Any CPU.Build.0 = Release|Win32
		{CCECBE1C-5C87-4530-AE5C-5CA4AD79F74E}.ReleaseWithStatistics|Mixed Platforms.ActiveCfg = Release|Win32
		{CCECBE1C-5C87-4530-AE5C-5CA4AD79F74E}.ReleaseWithStatistics|Mixed Platforms.Build.0 = Release|Win32
		{CCECBE1C-5C87-4530-AE5C-5CA4AD79F74E}.ReleaseWithStatistics|Win32.ActiveCfg = Release|Win32
		{CCECBE1C-5C87-4530-AE5C-5CA4AD79F74E}.ReleaseWithStatistics|Win32.Build.0 = Release|Win32
		{CCECBE1C-5C87-4530-AE5C-5CA4AD79F74E}.ReleaseWithStatistics|x86.ActiveCfg = Release|Win32
		{CCECBE1C-5C87-4530-AE5C-5CA4AD79F74E}.ReleaseWithStatistics|x86.Build.0 = Release|Win32
		{CCECBE1C-5C87-4530-AE5C-5CA4AD79F74E}.ReleaseWithStatistics|Xbox 360.ActiveCfg = Release|Win32
		{CCECBE1C-5C87-4530-AE5C-5CA4AD79F74E}.ReleaseWithStatistics|Xbox 360.Build.0 = Release|Win32
		{577B2B7C-5CF9-4DA2-9BDF-E38FB8E3A777}.Debug|Any CPU.ActiveCfg = Debug|x86
		{577B2B7C-5CF9-4DA2-9BDF-E38FB8E3A777}.Debug|Mixed Platforms.ActiveCfg = Debug|x86
		{577B2B7C-5CF9-4DA2-9BDF-E38FB8E3A777}.Debug|Win32.ActiveCfg = Debug|x86
		{577B2B7C-5CF9-4DA2-9BDF-E38FB8E3A777}.Debug|x86.ActiveCfg = Debug|x86
		{577B2B7C-5CF9-4DA2-9BDF-E38FB8E3A777}.Debug|Xbox 360.ActiveCfg = Debug|x86
		{577B2B7C-5CF9-4DA2-9BDF-E38FB8E3A777}.Release|Any CPU.ActiveCfg = Release|x86
		{577B2B7C-5CF9-4DA2-9BDF-E38FB8E3A777}.Release|Mixed Platforms.ActiveCfg = Release|x86
		{577B2B7C-5CF9-4DA2-9BDF-E38FB8E3A777}.Release|Win32.ActiveCfg = Release|x86
		{577B2B7C-5CF9-4DA2-9BDF-E38FB8E3A777}.Release|x86.ActiveCfg = Release|x86
		{577B2B7C-5CF9-4DA2-9BDF-E38FB8E3A777}.Release|Xbox 360.ActiveCfg = Release|x86
		{577B2B7C-5CF9-4DA2-9BDF-E38FB8E3A777}.ReleaseWithStatistics|Any CPU.ActiveCfg = Release|x86
		{577B2B7C-5CF9-4DA2-9BDF-E38FB8E3A777}.ReleaseWithStatistics|Mixed Platforms.ActiveCfg = Release|x86
		{577B2B7C-5CF9-4DA2-9BDF-E38FB8E3A777}.ReleaseWithStatistics|Win32.ActiveCfg = Release|x86
		{577B2B7C-5CF9-4DA2-9BDF-E38FB8E3A777}.ReleaseWithStatistics|x86.ActiveCfg = Release|x86
		{577B2B7C-5CF9-4DA2-9BDF-E38FB8E3A777}.ReleaseWithStatistics|Xbox 360.ActiveCfg = Release|x86
		{32868301-A135-4BB5-AA3A-44A5DE60C081}.Debug|Any CPU.ActiveCfg = Debug|x86
		{32868301-A135-4BB5-AA3A-44A5DE60C081}.Debug|Mixed Platforms.ActiveCfg = Debug|x86
		{32868301-A135-4BB5-AA3A-44A5DE60C081}.Debug|Mixed Platforms.Build.0 = Debug|x86
		{32868301-A135-4BB5-AA3A-44A5DE60C081}.Debug|Win32.ActiveCfg = Debug|x86
		{32868301-A135-4BB5-AA3A-44A5DE60C081}.Debug|Win32.Build.0 = Debug|x86
		{32868301-A135-4BB5-AA3A-44A5DE60C081}.Debug|x86.ActiveCfg = Debug|x86
		{32868301-A135-4BB5-AA3A-44A5DE60C081}.Debug|x86.Build.0 = Debug|x86
		{32868301-A135-4BB5-AA3A-44A5DE60C081}.Debug|Xbox 360.ActiveCfg = Debug|x86
		{32868301-A135-4BB5-AA3A-44A5DE60C081}.Release|Any CPU.ActiveCfg = Release|x86
		{32868301-A135-4BB5-AA3A-44A5DE60C081}.Release|Mixed Platforms.ActiveCfg = Release|x86
		{32868301-A135-4BB5-AA3A-44A5DE60C081}.Release|Mixed Platforms.Build.0 = Release|x86
		{32868301-A135-4BB5-AA3A-44A5DE60C081}.Release|Win32.ActiveCfg = Release|x86
		{32868301-A135-4BB5-AA3A-44A5DE60C081}.Release|Win32.Build.0 = Release|x86
		{32868301-A135-4BB5-AA3A-44A5DE60C081}.Release|x86.ActiveCfg = Release|x86
		{32868301-A135-4BB5-AA3A-44A5DE60C081}.Release|x86.Build.0 = Release|x86
		{32868301-A135-4BB5-AA3A-44A5DE60C081}.Release|Xbox 360.ActiveCfg = Release|x86
		{32868301-A135-4BB5-AA3A-44A5DE60C081}.ReleaseWithStatistics|Any CPU.ActiveCfg = Release|x86
		{32868301-A135-4BB5-AA3A-44A5DE60C081}.ReleaseWithStatistics|Any CPU.Build.0 = Release|x86
		{32868301-A135-4BB5-AA3A-44A5DE60C081}.ReleaseWithStatistics|Mixed Platforms.ActiveCfg = Release|x86
		{32868301-A135-4BB5-AA3A-44A5DE60C081}.ReleaseWithStatistics|Mixed Platforms.Build.0 = Release|x86
		{32868301-A135-4BB5-AA3A-44A5DE60C081}.ReleaseWithStatistics|Win32.ActiveCfg = Release|x86
		{32868301-A135-4BB5-AA3A-44A5DE60C081}.ReleaseWithStatistics|Win32.Build.0 = Release|x86
		{32868301-A135-4BB5-AA3A-44A5DE60C081}.ReleaseWithStatistics|x86.ActiveCfg = Release|x86
		{32868301-A135-4BB5-AA3A-44A5DE60C081}.ReleaseWithStatistics|x86.Build.0 = Release|x86
		{32868301-A135-4BB5-AA3A-44A5DE60C081}.ReleaseWithStatistics|Xbox 360.ActiveCfg = Release|x86
		{32868301-A135-4BB5-AA3A-44A5DE60C081}.ReleaseWithStatistics|Xbox 360.Build.0 = Release|x86
		{BA202214-F6F8-4853-BCC9-CA4F13C5F479}.Debug|Any CPU.ActiveCfg = Debug|Any CPU
		{BA202214-F6F8-4853-BCC9-CA4F13C5F479}.Debug|Any CPU.Build.0 = Debug|Any CPU
		{BA202214-F6F8-4853-BCC9-CA4F13C5F479}.Debug|Mixed Platforms.ActiveCfg = Debug|Any CPU
		{BA202214-F6F8-4853-BCC9-CA4F13C5F479}.Debug|Mixed Platforms.Build.0 = Debug|Any CPU
		{BA202214-F6F8-4853-BCC9-CA4F13C5F479}.Debug|Win32.ActiveCfg = Debug|Any CPU
		{BA202214-F6F8-4853-BCC9-CA4F13C5F479}.Debug|Win32.Build.0 = Debug|Any CPU
		{BA202214-F6F8-4853-BCC9-CA4F13C5F479}.Debug|x86.ActiveCfg = Debug|Any CPU
		{BA202214-F6F8-4853-BCC9-CA4F13C5F479}.Debug|x86.Build.0 = Debug|Any CPU
		{BA202214-F6F8-4853-BCC9-CA4F13C5F479}.Debug|Xbox 360.ActiveCfg = Debug|Any CPU
		{BA202214-F6F8-4853-BCC9-CA4F13C5F479}.Debug|Xbox 360.Build.0 = Debug|Any CPU
		{BA202214-F6F8-4853-BCC9-CA4F13C5F479}.Release|Any CPU.ActiveCfg = Release|Any CPU
		{BA202214-F6F8-4853-BCC9-CA4F13C5F479}.Release|Any CPU.Build.0 = Release|Any CPU
		{BA202214-F6F8-4853-BCC9-CA4F13C5F479}.Release|Mixed Platforms.ActiveCfg = Release|Any CPU
		{BA202214-F6F8-4853-BCC9-CA4F13C5F479}.Release|Mixed Platforms.Build.0 = Release|Any CPU
		{BA202214-F6F8-4853-BCC9-CA4F13C5F479}.Release|Win32.ActiveCfg = Release|Any CPU
		{BA202214-F6F8-4853-BCC9-CA4F13C5F479}.Release|Win32.Build.0 = Release|Any CPU
		{BA202214-F6F8-4853-BCC9-CA4F13C5F479}.Release|x86.ActiveCfg = Release|Any CPU
		{BA202214-F6F8-4853-BCC9-CA4F13C5F479}.Release|x86.Build.0 = Release|Any CPU
		{BA202214-F6F8-4853-BCC9-CA4F13C5F479}.Release|Xbox 360.ActiveCfg = Release|Any CPU
		{BA202214-F6F8-4853-BCC9-CA4F13C5F479}.Release|Xbox 360.Build.0 = Release|Any CPU
		{BA202214-F6F8-4853-BCC9-CA4F13C5F479}.ReleaseWithStatistics|Any CPU.ActiveCfg = ReleaseWithStatistics|Any CPU
		{BA202214-F6F8-4853-BCC9-CA4F13C5F479}.ReleaseWithStatistics|Any CPU.Build.0 = ReleaseWithStatistics|Any CPU
		{BA202214-F6F8-4853-BCC9-CA4F13C5F479}.ReleaseWithStatistics|Mixed Platforms.ActiveCfg = ReleaseWithStatistics|Any CPU
		{BA202214-F6F8-4853-BCC9-CA4F13C5F479}.ReleaseWithStatistics|Mixed Platforms.Build.0 = ReleaseWithStatistics|Any CPU
		{BA202214-F6F8-4853-BCC9-CA4F13C5F479}.ReleaseWithStatistics|Win32.ActiveCfg = ReleaseWithStatistics|Any CPU
		{BA202214-F6F8-4853-BCC9-CA4F13C5F479}.ReleaseWithStatistics|Win32.Build.0 = ReleaseWithStatistics|Any CPU
		{BA202214-F6F8-4853-BCC9-CA4F13C5F479}.ReleaseWithStatistics|x86.ActiveCfg = ReleaseWithStatistics|Any CPU
		{BA202214-F6F8-4853-BCC9-CA4F13C5F479}.ReleaseWithStatistics|x86.Build.0 = ReleaseWithStatistics|Any CPU
		{BA202214-F6F8-4853-BCC9-CA4F13C5F479}.ReleaseWithStatistics|Xbox 360.ActiveCfg = ReleaseWithStatistics|Any CPU
		{BA202214-F6F8-4853-BCC9-CA4F13C5F479}.ReleaseWithStatistics|Xbox 360.Build.0 = ReleaseWithStatistics|Any CPU
	EndGlobalSection
	GlobalSection(SolutionProperties) = preSolution
		HideSolutionNode = FALSE
	EndGlobalSection
EndGlobal
